
Microsoft Visual Studio Solution File, Format Version 12.00
# Visual Studio Version 16
VisualStudioVersion = 16.0.32929.386
MinimumVisualStudioVersion = 10.0.40219.1
Project("{FAE04EC0-301F-11D3-BF4B-00C04F79EFBC}") = "App1", "App1\App1.csproj", "{B183B2F3-DC41-4171-9CEA-21F2BA767C0D}"
EndProject
Global
	GlobalSection(SolutionConfigurationPlatforms) = preSolution
		Debug|Any CPU = Debug|Any CPU
		Release|Any CPU = Release|Any CPU
	EndGlobalSection
	GlobalSection(ProjectConfigurationPlatforms) = postSolution
		{B183B2F3-DC41-4171-9CEA-21F2BA767C0D}.Debug|Any CPU.ActiveCfg = Debug|Any CPU
		{B183B2F3-DC41-4171-9CEA-21F2BA767C0D}.Debug|Any CPU.Build.0 = Debug|Any CPU
		{B183B2F3-DC41-4171-9CEA-21F2BA767C0D}.Release|Any CPU.ActiveCfg = Release|Any CPU
		{B183B2F3-DC41-4171-9CEA-21F2BA767C0D}.Release|Any CPU.Build.0 = Release|Any CPU
	EndGlobalSection
	GlobalSection(SolutionProperties) = preSolution
		HideSolutionNode = FALSE
	EndGlobalSection
	GlobalSection(ExtensibilityGlobals) = postSolution
		SolutionGuid = {A4FED89A-B870-4D7F-A9B2-972B630DAA7D}
	EndGlobalSection
EndGlobal
